// !$*UTF8*$!
{
	archiveVersion = 1;
	classes = {
	};
	objectVersion = 46;
	objects = {

/* Begin PBXBuildFile section */
		66470783194AAFD300BCFFC8 /* AppDelegate.swift in Sources */ = {isa = PBXBuildFile; fileRef = 66470782194AAFD300BCFFC8 /* AppDelegate.swift */; };
		6647078A194AAFD300BCFFC8 /* Main.storyboard in Resources */ = {isa = PBXBuildFile; fileRef = 66470788194AAFD300BCFFC8 /* Main.storyboard */; };
		6647078C194AAFD300BCFFC8 /* Images.xcassets in Resources */ = {isa = PBXBuildFile; fileRef = 6647078B194AAFD300BCFFC8 /* Images.xcassets */; };
		66470798194AAFD300BCFFC8 /* getoffmylawnTests.swift in Sources */ = {isa = PBXBuildFile; fileRef = 66470797194AAFD300BCFFC8 /* getoffmylawnTests.swift */; };
		664707A2194AB4E000BCFFC8 /* IntroViewController.swift in Sources */ = {isa = PBXBuildFile; fileRef = 664707A1194AB4E000BCFFC8 /* IntroViewController.swift */; };
		66CD12C5194E6D9F00FBEF2F /* cloudView.framework in Frameworks */ = {isa = PBXBuildFile; fileRef = 66CD6A15194E62A9007E6641 /* cloudView.framework */; };
/* End PBXBuildFile section */

/* Begin PBXContainerItemProxy section */
		66470792194AAFD300BCFFC8 /* PBXContainerItemProxy */ = {
			isa = PBXContainerItemProxy;
			containerPortal = 66470775194AAFD200BCFFC8 /* Project object */;
			proxyType = 1;
			remoteGlobalIDString = 6647077C194AAFD300BCFFC8;
			remoteInfo = getoffmylawn;
		};
		66CD6A14194E62A9007E6641 /* PBXContainerItemProxy */ = {
			isa = PBXContainerItemProxy;
			containerPortal = 66CD6A0F194E62A9007E6641 /* cloudView.xcodeproj */;
			proxyType = 2;
			remoteGlobalIDString = 66CD69F1194E6270007E6641;
			remoteInfo = cloudView;
		};
		66CD6A16194E62A9007E6641 /* PBXContainerItemProxy */ = {
			isa = PBXContainerItemProxy;
			containerPortal = 66CD6A0F194E62A9007E6641 /* cloudView.xcodeproj */;
			proxyType = 2;
			remoteGlobalIDString = 66CD69FC194E6270007E6641;
			remoteInfo = cloudViewTests;
		};
/* End PBXContainerItemProxy section */

/* Begin PBXFileReference section */
		6647077D194AAFD300BCFFC8 /* getoffmylawn.app */ = {isa = PBXFileReference; explicitFileType = wrapper.application; includeInIndex = 0; path = getoffmylawn.app; sourceTree = BUILT_PRODUCTS_DIR; };
		66470781194AAFD300BCFFC8 /* Info.plist */ = {isa = PBXFileReference; lastKnownFileType = text.plist.xml; path = Info.plist; sourceTree = "<group>"; };
		66470782194AAFD300BCFFC8 /* AppDelegate.swift */ = {isa = PBXFileReference; lastKnownFileType = sourcecode.swift; path = AppDelegate.swift; sourceTree = "<group>"; };
		66470789194AAFD300BCFFC8 /* Base */ = {isa = PBXFileReference; lastKnownFileType = file.storyboard; name = Base; path = Base.lproj/Main.storyboard; sourceTree = "<group>"; };
		6647078B194AAFD300BCFFC8 /* Images.xcassets */ = {isa = PBXFileReference; lastKnownFileType = folder.assetcatalog; path = Images.xcassets; sourceTree = "<group>"; };
		66470791194AAFD300BCFFC8 /* getoffmylawnTests.xctest */ = {isa = PBXFileReference; explicitFileType = wrapper.cfbundle; includeInIndex = 0; path = getoffmylawnTests.xctest; sourceTree = BUILT_PRODUCTS_DIR; };
		66470796194AAFD300BCFFC8 /* Info.plist */ = {isa = PBXFileReference; lastKnownFileType = text.plist.xml; path = Info.plist; sourceTree = "<group>"; };
		66470797194AAFD300BCFFC8 /* getoffmylawnTests.swift */ = {isa = PBXFileReference; lastKnownFileType = sourcecode.swift; path = getoffmylawnTests.swift; sourceTree = "<group>"; };
		664707A1194AB4E000BCFFC8 /* IntroViewController.swift */ = {isa = PBXFileReference; fileEncoding = 4; lastKnownFileType = sourcecode.swift; path = IntroViewController.swift; sourceTree = "<group>"; };
		668CED43194ACEF00072E5A8 /* MakeClouds.playground */ = {isa = PBXFileReference; lastKnownFileType = file.playground; path = MakeClouds.playground; sourceTree = "<group>"; };
		66CD6A0F194E62A9007E6641 /* cloudView.xcodeproj */ = {isa = PBXFileReference; lastKnownFileType = "wrapper.pb-project"; name = cloudView.xcodeproj; path = cloudView/cloudView.xcodeproj; sourceTree = "<group>"; };
/* End PBXFileReference section */

/* Begin PBXFrameworksBuildPhase section */
		6647077A194AAFD300BCFFC8 /* Frameworks */ = {
			isa = PBXFrameworksBuildPhase;
			buildActionMask = 2147483647;
			files = (
				66CD12C5194E6D9F00FBEF2F /* cloudView.framework in Frameworks */,
			);
			runOnlyForDeploymentPostprocessing = 0;
		};
		6647078E194AAFD300BCFFC8 /* Frameworks */ = {
			isa = PBXFrameworksBuildPhase;
			buildActionMask = 2147483647;
			files = (
			);
			runOnlyForDeploymentPostprocessing = 0;
		};
/* End PBXFrameworksBuildPhase section */

/* Begin PBXGroup section */
		66470774194AAFD200BCFFC8 = {
			isa = PBXGroup;
			children = (
				6647077F194AAFD300BCFFC8 /* getoffmylawn */,
				66470794194AAFD300BCFFC8 /* getoffmylawnTests */,
				6647077E194AAFD300BCFFC8 /* Products */,
				66CD6A0F194E62A9007E6641 /* cloudView.xcodeproj */,
			);
			sourceTree = "<group>";
		};
		6647077E194AAFD300BCFFC8 /* Products */ = {
			isa = PBXGroup;
			children = (
				6647077D194AAFD300BCFFC8 /* getoffmylawn.app */,
				66470791194AAFD300BCFFC8 /* getoffmylawnTests.xctest */,
			);
			name = Products;
			sourceTree = "<group>";
		};
		6647077F194AAFD300BCFFC8 /* getoffmylawn */ = {
			isa = PBXGroup;
			children = (
				66470782194AAFD300BCFFC8 /* AppDelegate.swift */,
				664707A1194AB4E000BCFFC8 /* IntroViewController.swift */,
				66470788194AAFD300BCFFC8 /* Main.storyboard */,
				668CED43194ACEF00072E5A8 /* MakeClouds.playground */,
				6647078B194AAFD300BCFFC8 /* Images.xcassets */,
				66470780194AAFD300BCFFC8 /* Supporting Files */,
			);
			path = getoffmylawn;
			sourceTree = "<group>";
		};
		66470780194AAFD300BCFFC8 /* Supporting Files */ = {
			isa = PBXGroup;
			children = (
				66470781194AAFD300BCFFC8 /* Info.plist */,
			);
			name = "Supporting Files";
			sourceTree = "<group>";
		};
		66470794194AAFD300BCFFC8 /* getoffmylawnTests */ = {
			isa = PBXGroup;
			children = (
				66470797194AAFD300BCFFC8 /* getoffmylawnTests.swift */,
				66470795194AAFD300BCFFC8 /* Supporting Files */,
			);
			path = getoffmylawnTests;
			sourceTree = "<group>";
		};
		66470795194AAFD300BCFFC8 /* Supporting Files */ = {
			isa = PBXGroup;
			children = (
				66470796194AAFD300BCFFC8 /* Info.plist */,
			);
			name = "Supporting Files";
			sourceTree = "<group>";
		};
		66CD6A10194E62A9007E6641 /* Products */ = {
			isa = PBXGroup;
			children = (
				66CD6A15194E62A9007E6641 /* cloudView.framework */,
				66CD6A17194E62A9007E6641 /* cloudViewTests.xctest */,
			);
			name = Products;
			sourceTree = "<group>";
		};
/* End PBXGroup section */

/* Begin PBXNativeTarget section */
		6647077C194AAFD300BCFFC8 /* getoffmylawn */ = {
			isa = PBXNativeTarget;
			buildConfigurationList = 6647079B194AAFD300BCFFC8 /* Build configuration list for PBXNativeTarget "getoffmylawn" */;
			buildPhases = (
				66470779194AAFD300BCFFC8 /* Sources */,
				6647077A194AAFD300BCFFC8 /* Frameworks */,
				6647077B194AAFD300BCFFC8 /* Resources */,
			);
			buildRules = (
			);
			dependencies = (
			);
			name = getoffmylawn;
			productName = getoffmylawn;
			productReference = 6647077D194AAFD300BCFFC8 /* getoffmylawn.app */;
			productType = "com.apple.product-type.application";
		};
		66470790194AAFD300BCFFC8 /* getoffmylawnTests */ = {
			isa = PBXNativeTarget;
			buildConfigurationList = 6647079E194AAFD300BCFFC8 /* Build configuration list for PBXNativeTarget "getoffmylawnTests" */;
			buildPhases = (
				6647078D194AAFD300BCFFC8 /* Sources */,
				6647078E194AAFD300BCFFC8 /* Frameworks */,
				6647078F194AAFD300BCFFC8 /* Resources */,
			);
			buildRules = (
			);
			dependencies = (
				66470793194AAFD300BCFFC8 /* PBXTargetDependency */,
			);
			name = getoffmylawnTests;
			productName = getoffmylawnTests;
			productReference = 66470791194AAFD300BCFFC8 /* getoffmylawnTests.xctest */;
			productType = "com.apple.product-type.bundle.unit-test";
		};
/* End PBXNativeTarget section */

/* Begin PBXProject section */
		66470775194AAFD200BCFFC8 /* Project object */ = {
			isa = PBXProject;
			attributes = {
				LastUpgradeCheck = 0600;
				ORGANIZATIONNAME = "Bionic Monocle Pty Ltd";
				TargetAttributes = {
					6647077C194AAFD300BCFFC8 = {
						CreatedOnToolsVersion = 6.0;
					};
					66470790194AAFD300BCFFC8 = {
						CreatedOnToolsVersion = 6.0;
						TestTargetID = 6647077C194AAFD300BCFFC8;
					};
				};
			};
			buildConfigurationList = 66470778194AAFD200BCFFC8 /* Build configuration list for PBXProject "getoffmylawn" */;
			compatibilityVersion = "Xcode 3.2";
			developmentRegion = English;
			hasScannedForEncodings = 0;
			knownRegions = (
				en,
				Base,
			);
			mainGroup = 66470774194AAFD200BCFFC8;
			productRefGroup = 6647077E194AAFD300BCFFC8 /* Products */;
			projectDirPath = "";
			projectReferences = (
				{
					ProductGroup = 66CD6A10194E62A9007E6641 /* Products */;
					ProjectRef = 66CD6A0F194E62A9007E6641 /* cloudView.xcodeproj */;
				},
			);
			projectRoot = "";
			targets = (
				6647077C194AAFD300BCFFC8 /* getoffmylawn */,
				66470790194AAFD300BCFFC8 /* getoffmylawnTests */,
			);
		};
/* End PBXProject section */

/* Begin PBXReferenceProxy section */
		66CD6A15194E62A9007E6641 /* cloudView.framework */ = {
			isa = PBXReferenceProxy;
			fileType = wrapper.framework;
			path = cloudView.framework;
			remoteRef = 66CD6A14194E62A9007E6641 /* PBXContainerItemProxy */;
			sourceTree = BUILT_PRODUCTS_DIR;
		};
		66CD6A17194E62A9007E6641 /* cloudViewTests.xctest */ = {
			isa = PBXReferenceProxy;
			fileType = wrapper.cfbundle;
			path = cloudViewTests.xctest;
			remoteRef = 66CD6A16194E62A9007E6641 /* PBXContainerItemProxy */;
			sourceTree = BUILT_PRODUCTS_DIR;
		};
/* End PBXReferenceProxy section */

/* Begin PBXResourcesBuildPhase section */
		6647077B194AAFD300BCFFC8 /* Resources */ = {
			isa = PBXResourcesBuildPhase;
			buildActionMask = 2147483647;
			files = (
				6647078A194AAFD300BCFFC8 /* Main.storyboard in Resources */,
				6647078C194AAFD300BCFFC8 /* Images.xcassets in Resources */,
			);
			runOnlyForDeploymentPostprocessing = 0;
		};
		6647078F194AAFD300BCFFC8 /* Resources */ = {
			isa = PBXResourcesBuildPhase;
			buildActionMask = 2147483647;
			files = (
			);
			runOnlyForDeploymentPostprocessing = 0;
		};
/* End PBXResourcesBuildPhase section */

/* Begin PBXSourcesBuildPhase section */
		66470779194AAFD300BCFFC8 /* Sources */ = {
			isa = PBXSourcesBuildPhase;
			buildActionMask = 2147483647;
			files = (
				66470783194AAFD300BCFFC8 /* AppDelegate.swift in Sources */,
				664707A2194AB4E000BCFFC8 /* IntroViewController.swift in Sources */,
			);
			runOnlyForDeploymentPostprocessing = 0;
		};
		6647078D194AAFD300BCFFC8 /* Sources */ = {
			isa = PBXSourcesBuildPhase;
			buildActionMask = 2147483647;
			files = (
				66470798194AAFD300BCFFC8 /* getoffmylawnTests.swift in Sources */,
			);
			runOnlyForDeploymentPostprocessing = 0;
		};
/* End PBXSourcesBuildPhase section */

/* Begin PBXTargetDependency section */
		66470793194AAFD300BCFFC8 /* PBXTargetDependency */ = {
			isa = PBXTargetDependency;
			target = 6647077C194AAFD300BCFFC8 /* getoffmylawn */;
			targetProxy = 66470792194AAFD300BCFFC8 /* PBXContainerItemProxy */;
		};
/* End PBXTargetDependency section */

/* Begin PBXVariantGroup section */
		66470788194AAFD300BCFFC8 /* Main.storyboard */ = {
			isa = PBXVariantGroup;
			children = (
				66470789194AAFD300BCFFC8 /* Base */,
			);
			name = Main.storyboard;
			sourceTree = "<group>";
		};
/* End PBXVariantGroup section */

/* Begin XCBuildConfiguration section */
		66470799194AAFD300BCFFC8 /* Debug */ = {
			isa = XCBuildConfiguration;
			buildSettings = {
				ALWAYS_SEARCH_USER_PATHS = NO;
				CLANG_CXX_LANGUAGE_STANDARD = "gnu++0x";
				CLANG_CXX_LIBRARY = "libc++";
				CLANG_ENABLE_MODULES = YES;
				CLANG_ENABLE_OBJC_ARC = YES;
				CLANG_WARN_BOOL_CONVERSION = YES;
				CLANG_WARN_CONSTANT_CONVERSION = YES;
				CLANG_WARN_DIRECT_OBJC_ISA_USAGE = YES_ERROR;
				CLANG_WARN_EMPTY_BODY = YES;
				CLANG_WARN_ENUM_CONVERSION = YES;
				CLANG_WARN_INT_CONVERSION = YES;
				CLANG_WARN_OBJC_ROOT_CLASS = YES_ERROR;
				CLANG_WARN_UNREACHABLE_CODE = YES;
				CLANG_WARN__DUPLICATE_METHOD_MATCH = YES;
				"CODE_SIGN_IDENTITY[sdk=iphoneos*]" = "iPhone Developer";
				COPY_PHASE_STRIP = NO;
				ENABLE_STRICT_OBJC_MSGSEND = YES;
				GCC_C_LANGUAGE_STANDARD = gnu99;
				GCC_DYNAMIC_NO_PIC = NO;
				GCC_OPTIMIZATION_LEVEL = 0;
				GCC_PREPROCESSOR_DEFINITIONS = (
					"DEBUG=1",
					"$(inherited)",
				);
				GCC_SYMBOLS_PRIVATE_EXTERN = NO;
				GCC_WARN_64_TO_32_BIT_CONVERSION = YES;
				GCC_WARN_ABOUT_RETURN_TYPE = YES_ERROR;
				GCC_WARN_UNDECLARED_SELECTOR = YES;
				GCC_WARN_UNINITIALIZED_AUTOS = YES_AGGRESSIVE;
				GCC_WARN_UNUSED_FUNCTION = YES;
				GCC_WARN_UNUSED_VARIABLE = YES;
				IPHONEOS_DEPLOYMENT_TARGET = 8.0;
				METAL_ENABLE_DEBUG_INFO = YES;
				ONLY_ACTIVE_ARCH = YES;
				SDKROOT = iphoneos;
				SWIFT_OPTIMIZATION_LEVEL = "-Onone";
				TARGETED_DEVICE_FAMILY = "1,2";
			};
			name = Debug;
		};
		6647079A194AAFD300BCFFC8 /* Release */ = {
			isa = XCBuildConfiguration;
			buildSettings = {
				ALWAYS_SEARCH_USER_PATHS = NO;
				CLANG_CXX_LANGUAGE_STANDARD = "gnu++0x";
				CLANG_CXX_LIBRARY = "libc++";
				CLANG_ENABLE_MODULES = YES;
				CLANG_ENABLE_OBJC_ARC = YES;
				CLANG_WARN_BOOL_CONVERSION = YES;
				CLANG_WARN_CONSTANT_CONVERSION = YES;
				CLANG_WARN_DIRECT_OBJC_ISA_USAGE = YES_ERROR;
				CLANG_WARN_EMPTY_BODY = YES;
				CLANG_WARN_ENUM_CONVERSION = YES;
				CLANG_WARN_INT_CONVERSION = YES;
				CLANG_WARN_OBJC_ROOT_CLASS = YES_ERROR;
				CLANG_WARN_UNREACHABLE_CODE = YES;
				CLANG_WARN__DUPLICATE_METHOD_MATCH = YES;
				"CODE_SIGN_IDENTITY[sdk=iphoneos*]" = "iPhone Developer";
				COPY_PHASE_STRIP = YES;
				ENABLE_NS_ASSERTIONS = NO;
				ENABLE_STRICT_OBJC_MSGSEND = YES;
				GCC_C_LANGUAGE_STANDARD = gnu99;
				GCC_WARN_64_TO_32_BIT_CONVERSION = YES;
				GCC_WARN_ABOUT_RETURN_TYPE = YES_ERROR;
				GCC_WARN_UNDECLARED_SELECTOR = YES;
				GCC_WARN_UNINITIALIZED_AUTOS = YES_AGGRESSIVE;
				GCC_WARN_UNUSED_FUNCTION = YES;
				GCC_WARN_UNUSED_VARIABLE = YES;
				IPHONEOS_DEPLOYMENT_TARGET = 8.0;
				METAL_ENABLE_DEBUG_INFO = NO;
				SDKROOT = iphoneos;
				TARGETED_DEVICE_FAMILY = "1,2";
				VALIDATE_PRODUCT = YES;
			};
			name = Release;
		};
		6647079C194AAFD300BCFFC8 /* Debug */ = {
			isa = XCBuildConfiguration;
			buildSettings = {
				ASSETCATALOG_COMPILER_APPICON_NAME = AppIcon;
				ASSETCATALOG_COMPILER_LAUNCHIMAGE_NAME = LaunchImage;
				INFOPLIST_FILE = getoffmylawn/Info.plist;
				LD_RUNPATH_SEARCH_PATHS = "$(inherited) @executable_path/Frameworks";
				PRODUCT_NAME = "$(TARGET_NAME)";
			};
			name = Debug;
		};
		6647079D194AAFD300BCFFC8 /* Release */ = {
			isa = XCBuildConfiguration;
			buildSettings = {
				ASSETCATALOG_COMPILER_APPICON_NAME = AppIcon;
				ASSETCATALOG_COMPILER_LAUNCHIMAGE_NAME = LaunchImage;
				INFOPLIST_FILE = getoffmylawn/Info.plist;
				LD_RUNPATH_SEARCH_PATHS = "$(inherited) @executable_path/Frameworks";
				PRODUCT_NAME = "$(TARGET_NAME)";
			};
			name = Release;
		};
		6647079F194AAFD300BCFFC8 /* Debug */ = {
			isa = XCBuildConfiguration;
			buildSettings = {
				BUNDLE_LOADER = "$(BUILT_PRODUCTS_DIR)/getoffmylawn.app/getoffmylawn";
				FRAMEWORK_SEARCH_PATHS = (
					"$(SDKROOT)/Developer/Library/Frameworks",
					"$(inherited)",
				);
				GCC_PREPROCESSOR_DEFINITIONS = (
					"DEBUG=1",
					"$(inherited)",
				);
				INFOPLIST_FILE = getoffmylawnTests/Info.plist;
				LD_RUNPATH_SEARCH_PATHS = "$(inherited) @executable_path/Frameworks @loader_path/Frameworks";
				METAL_ENABLE_DEBUG_INFO = YES;
				PRODUCT_NAME = "$(TARGET_NAME)";
				TEST_HOST = "$(BUNDLE_LOADER)";
			};
			name = Debug;
		};
		664707A0194AAFD300BCFFC8 /* Release */ = {
			isa = XCBuildConfiguration;
			buildSettings = {
				BUNDLE_LOADER = "$(BUILT_PRODUCTS_DIR)/getoffmylawn.app/getoffmylawn";
				FRAMEWORK_SEARCH_PATHS = (
					"$(SDKROOT)/Developer/Library/Frameworks",
					"$(inherited)",
				);
				INFOPLIST_FILE = getoffmylawnTests/Info.plist;
				LD_RUNPATH_SEARCH_PATHS = "$(inherited) @executable_path/Frameworks @loader_path/Frameworks";
				METAL_ENABLE_DEBUG_INFO = NO;
				PRODUCT_NAME = "$(TARGET_NAME)";
				TEST_HOST = "$(BUNDLE_LOADER)";
			};
			name = Release;
		};
/* End XCBuildConfiguration section */

/* Begin XCConfigurationList section */
		66470778194AAFD200BCFFC8 /* Build configuration list for PBXProject "getoffmylawn" */ = {
			isa = XCConfigurationList;
			buildConfigurations = (
				66470799194AAFD300BCFFC8 /* Debug */,
				6647079A194AAFD300BCFFC8 /* Release */,
			);
			defaultConfigurationIsVisible = 0;
			defaultConfigurationName = Release;
		};
		6647079B194AAFD300BCFFC8 /* Build configuration list for PBXNativeTarget "getoffmylawn" */ = {
			isa = XCConfigurationList;
			buildConfigurations = (
				6647079C194AAFD300BCFFC8 /* Debug */,
				6647079D194AAFD300BCFFC8 /* Release */,
			);
			defaultConfigurationIsVisible = 0;
			defaultConfigurationName = Release;
		};
		6647079E194AAFD300BCFFC8 /* Build configuration list for PBXNativeTarget "getoffmylawnTests" */ = {
			isa = XCConfigurationList;
			buildConfigurations = (
				6647079F194AAFD300BCFFC8 /* Debug */,
				664707A0194AAFD300BCFFC8 /* Release */,
			);
			defaultConfigurationIsVisible = 0;
			defaultConfigurationName = Release;
		};
/* End XCConfigurationList section */
	};
	rootObject = 66470775194AAFD200BCFFC8 /* Project object */;
}
